{
  "artifacts": {
    "aux": {
      "path": "aux_metrics.tsv",
      "sha256": "409fedb832b400684cc1e4b466c515f12c44848ad6ed8e39af796d0664b5f062"
    },
    "contract": {
      "path": "study.yaml",
      "sha256": "05839c6d770f30f5c14b035a6d6226567562448117436dd7197b63059bb9bea0"
    },
    "data_card": {
      "path": "data_card.md",
      "sha256": "bc55d3559d6bd58693158484fff1a2adf32f1fff9efcd8ce7fbb6e1b80863923"
    },
    "derived": {
      "path": "tables/derived_ratios.tsv",
      "sha256": "163f7b841602ac7aaa81a687aa3dc164da7f1473cecfed5a762eb2335fa92345"
    },
    "duplicates": {
      "path": "tables/duplicate_exposure.tsv",
      "sha256": "6de85ad5ce406680727dd116e9668a63cc86cf449f924d50f1d167b91479c9b4"
    },
    "floors": {
      "path": "tables/pair_floors.tsv",
      "sha256": "9160952654945dc718fee9c21ee289053de7fa84730ec6be86492e5db51846b3"
    },
    "ledger": {
      "path": "scouting_ledger.md",
      "sha256": "5fb8688f1ba84e3edc7f6636c189d904876c29066e9440f13b02074cd47ff8e9"
    },
    "results": {
      "path": "results.tsv",
      "sha256": "2e592c5762f38166a0e41b1336d2e1eeedf623930c63faf00ab574dfb5381f38"
    },
    "verdicts": {
      "path": "tables/verdict_arithmetic.tsv",
      "sha256": "94bc52ee4c173ed846172edcf999610bf2ba1f629a8319f884df6b199f359c00"
    }
  },
  "claims": {
    "C1": {
      "claim": "All three v1 rungs reproduce on the ported contract: refitted on the identical v1 training rows and graded on the development half of the v1 validation set, the raw GLM anchor lands 0.011322 from the value the v1 ledger recorded, the spline + isotonic rung 0.001612, and the boosted tree 0.001154 - every one inside the 0.0225 tolerance that was derived from row counts and a class balance before any model was fitted.",
      "class": "empirical-description",
      "errata": [],
      "evidence": [
        "E0001",
        "E0002",
        "E0003",
        "P1",
        "P2",
        "P4"
      ],
      "numbers": [
        "anchor_residual_glm",
        "anchor_residual_splines",
        "anchor_residual_tree",
        "anchor_tolerance"
      ],
      "strength": "exploratory"
    },
    "C10": {
      "claim": "against 0.4624) and P6 (0.0390 against 0.3229) do not flip.",
      "class": null,
      "errata": [],
      "evidence": [],
      "numbers": [
        "doctrine_in_own_floors",
        "splines_in_own_floors",
        "splines_lift",
        "tree_in_own_floors"
      ],
      "strength": "exploratory"
    },
    "C11": {
      "claim": "(sentence for C11 \u2014 copy it from findings.md)",
      "class": null,
      "errata": [],
      "evidence": [],
      "numbers": [
        "claim_rate",
        "lift10_dev",
        "lift10_drop",
        "lift10_sealed"
      ],
      "strength": "exploratory"
    },
    "C12": {
      "claim": "been worth nothing.",
      "class": null,
      "errata": [],
      "evidence": [],
      "numbers": [
        "v1_validation_twin_share"
      ],
      "strength": "exploratory"
    },
    "C2": {
      "claim": "The margin between reproducing a rung from a committed file and reproducing it from a description that names its three non-default kwargs is 0.000458 of AUC: the verbatim tree rung's residual is 0.001154 and the prose-recovered spline rung's is 0.001612.",
      "class": "empirical-description",
      "errata": [],
      "evidence": [
        "E0002",
        "E0003",
        "art:derived"
      ],
      "numbers": [
        "anchor_residual_splines",
        "anchor_residual_tree",
        "residual_margin"
      ],
      "strength": "exploratory"
    },
    "C3": {
      "claim": "The paired-comparison floor on this portfolio is 0.0375805, which is 0.9671 of the v1 ledger's entire spread of 0.038860 - the smallest difference this instrument can resolve between two candidate rungs on these rows is almost exactly as large as the distance from the v1 study's worst recorded model to its best.",
      "class": "empirical-description",
      "errata": [],
      "evidence": [
        "sweep:paired_bootstrap",
        "art:floors",
        "art:derived"
      ],
      "numbers": [
        "bar_over_v1_spread",
        "minimum_delta",
        "v1_ledger_spread"
      ],
      "strength": "exploratory"
    },
    "C4": {
      "claim": "Under that measured bar the v1 ladder yields exactly one frontier improvement: the boosted tree over the raw GLM anchor, 0.049911. The whole spline plus log1p plus interaction plus isotonic chain is worth 0.9568 of a floor over the same anchor, and the tree's edge over that calibrated GLM is 0.3714 of a floor - both real, both under the bar, both recorded as discards.",
      "class": "procedural-verdict",
      "errata": [],
      "evidence": [
        "E0001",
        "E0002",
        "E0003",
        "P3",
        "P5",
        "art:verdicts"
      ],
      "numbers": [
        "keep_lift",
        "splines_in_floors",
        "tree_over_glm_in_floors"
      ],
      "strength": "exploratory"
    },
    "C5": {
      "claim": "The insurance profile's calibration-first doctrine reproduces: replacing class_weight balanced with class_weight None plus a cross-fitted isotonic wrapper improves the Brier score by a factor of 4.055, from 0.240641 to 0.059337, and pays 0.001465 of AUC for it - 0.0390 of one measured floor.",
      "class": "empirical-description",
      "errata": [],
      "evidence": [
        "E0004",
        "P6",
        "ref:dalpozzolo2015"
      ],
      "numbers": [
        "brier_balanced",
        "brier_doctrine",
        "brier_ratio_doctrine",
        "doctrine_auc_cost",
        "doctrine_in_floors"
      ],
      "strength": "exploratory"
    },
    "C6": {
      "claim": "The DATA gate's overridden BLOCKER is real as a fact and small as an effect: 615 row-content hashes straddle the contract's partitions, and 0.051203 of development rows have a byte-identical twin in training - but every rung's AUC on the twin-free rows differs from its headline AUC by at most 0.001415, and on three of the four development rungs the twin-free number is higher.",
      "class": "empirical-description",
      "errata": [],
      "evidence": [
        "E0001",
        "E0002",
        "E0003",
        "E0004",
        "art:duplicates",
        "art:data_card"
      ],
      "numbers": [
        "dev_twin_share",
        "max_twin_gap",
        "straddling_hashes"
      ],
      "strength": "exploratory"
    },
    "C7": {
      "claim": "The frontier incumbent's level holds on evidence it never saw: fitted on train plus development and evaluated once on the sealed half of the v1 validation set, it scores 0.657739 against a development score of 0.664051 - a shift of 0.1680 of one measured floor.",
      "class": "empirical-description",
      "errata": [],
      "evidence": [
        "E0005",
        "E0003",
        "P7",
        "rep:E0003@20260903T083929Z"
      ],
      "numbers": [
        "dev_incumbent",
        "sealed_auc",
        "sealed_shift_in_floors"
      ],
      "strength": "confirmed"
    },
    "C8": {
      "claim": "RQ3** \u2014 how large is the paired-comparison floor here, and how many of v1's six keeps clear it? | **ANSWERED**: the bar is 0.0375805 and the ladder yields one keep | , ,  | sweep:paired_bootstrap, E0001, E0005, art:verdicts | the bar is 0.9671 of the v1 ledger's entire spread | exploratory |",
      "class": null,
      "errata": [],
      "evidence": [],
      "numbers": [
        "v1_sweep_in_floors",
        "v1_sweep_lift"
      ],
      "strength": "exploratory"
    },
    "C9": {
      "claim": "study is 10.92 times the narrowest, on the same rows with the same instrument.",
      "class": null,
      "errata": [],
      "evidence": [],
      "numbers": [
        "marginal_std",
        "paired_std_far",
        "paired_std_near",
        "paired_std_ratio"
      ],
      "strength": "exploratory"
    }
  },
  "errata": {},
  "git_head": "0b05de5a9580ce7a83ddc0ff8f01023d39659236",
  "klein_commit": "0b05de5a9580ce7a83ddc0ff8f01023d39659236",
  "klein_version": "2.0.0",
  "law": "Every number in findings.md, this lock and report/index.html is a copy of a value in a pinned artifact; every claim cites evidence that resolves; claims and numbers are appended or erratum-tagged, never removed.",
  "lock_schema": 2,
  "numbers": {
    "anchor_residual_glm": {
      "art": "aux",
      "claim": "C1",
      "note": "E0001 anchor_gap, absolute",
      "precision": 6,
      "value": 0.011322
    },
    "anchor_residual_splines": {
      "art": "aux",
      "claim": "C1",
      "note": "E0002 anchor_gap, absolute",
      "precision": 6,
      "value": 0.001612
    },
    "anchor_residual_tree": {
      "art": "aux",
      "claim": "C1",
      "note": "E0003 anchor_gap",
      "precision": 6,
      "value": 0.001154
    },
    "anchor_tolerance": {
      "art": "contract",
      "claim": "contract",
      "note": "the registered within-tolerance of P1, P2 and P4",
      "precision": 4,
      "value": 0.0225
    },
    "bar_over_v1_spread": {
      "art": "derived",
      "claim": "C3",
      "note": "minimum_delta / v1_ledger_spread",
      "precision": 4,
      "value": 0.9671
    },
    "brier_balanced": {
      "art": "aux",
      "claim": "C5",
      "note": "E0004 reference_brier, the class_weight=balanced anchor",
      "precision": 6,
      "value": 0.240641
    },
    "brier_doctrine": {
      "art": "aux",
      "claim": "C5",
      "note": "E0004 val_brier",
      "precision": 6,
      "value": 0.059337
    },
    "brier_ratio_doctrine": {
      "art": "derived",
      "claim": "C5",
      "note": "E0004 reference_brier / val_brier",
      "precision": 3,
      "value": 4.055
    },
    "claim_rate": {
      "art": "data_card",
      "claim": "C11",
      "note": "portfolio claim rate",
      "precision": 6,
      "value": 0.063968
    },
    "dev_incumbent": {
      "art": "results",
      "claim": "C7",
      "note": "E0003 val_auc, the development incumbent",
      "precision": 6,
      "value": 0.664051
    },
    "dev_twin_share": {
      "art": "duplicates",
      "claim": "C6",
      "note": "share of development rows with a byte-identical training twin",
      "precision": 6,
      "value": 0.051203
    },
    "doctrine_auc_cost": {
      "art": "aux",
      "claim": "C5",
      "note": "E0004 delta_vs_reference, absolute",
      "precision": 6,
      "value": 0.001465
    },
    "doctrine_in_floors": {
      "art": "aux",
      "claim": "C5",
      "note": "E0004 delta_in_floors, absolute",
      "precision": 4,
      "value": 0.039
    },
    "doctrine_in_own_floors": {
      "art": "verdicts",
      "claim": "C10",
      "note": "E0004 lift in the floors of its own pair, absolute",
      "precision": 4,
      "value": 0.3229
    },
    "keep_lift": {
      "art": "verdicts",
      "claim": "C4",
      "note": "E0003 minus the E0001 incumbent",
      "precision": 6,
      "value": 0.049911
    },
    "lift10_dev": {
      "art": "aux",
      "claim": "C11",
      "note": "E0003 val_lift_top10, development",
      "precision": 4,
      "value": 2.2167
    },
    "lift10_drop": {
      "art": "derived",
      "claim": "C11",
      "note": "E0003 val_lift_top10 minus E0005 val_lift_top10",
      "precision": 4,
      "value": 0.5101
    },
    "lift10_sealed": {
      "art": "aux",
      "claim": "C11",
      "note": "E0005 val_lift_top10, sealed",
      "precision": 4,
      "value": 1.7067
    },
    "marginal_std": {
      "art": "floors",
      "claim": "C9",
      "note": "split_lottery std: the anchor's own score under a re-split",
      "precision": 6,
      "value": 0.017964
    },
    "max_twin_gap": {
      "art": "aux",
      "claim": "C6",
      "note": "the largest |twin_free_gap| over the four development rungs (E0002)",
      "precision": 6,
      "value": 0.001415
    },
    "minimum_delta": {
      "art": "contract",
      "claim": "floor",
      "note": "the registered keep bar, paired-bootstrap k=20",
      "precision": 7,
      "value": 0.0375805
    },
    "paired_std_far": {
      "art": "floors",
      "claim": "C9",
      "note": "paired_bootstrap_b1000 std: the GLM-vs-tree pair",
      "precision": 6,
      "value": 0.013942
    },
    "paired_std_near": {
      "art": "floors",
      "claim": "C9",
      "note": "pair_anchor_doctrine std: two rungs differing by one lever",
      "precision": 6,
      "value": 0.001276
    },
    "paired_std_ratio": {
      "art": "derived",
      "claim": "C9",
      "note": "widest paired std / narrowest paired std",
      "precision": 2,
      "value": 10.92
    },
    "residual_margin": {
      "art": "derived",
      "claim": "C2",
      "note": "anchor_residual_margin",
      "precision": 6,
      "value": 0.000458
    },
    "sealed_auc": {
      "art": "results",
      "claim": "C7",
      "note": "E0005 val_auc on the sealed partition",
      "precision": 6,
      "value": 0.657739
    },
    "sealed_shift_in_floors": {
      "art": "aux",
      "claim": "C7",
      "note": "E0005 sealed_shift_in_floors, absolute",
      "precision": 4,
      "value": 0.168
    },
    "splines_in_floors": {
      "art": "verdicts",
      "claim": "C4",
      "note": "E0002 lift in declared floors",
      "precision": 4,
      "value": 0.9568
    },
    "splines_in_own_floors": {
      "art": "verdicts",
      "claim": "C10",
      "note": "E0002 lift in the floors of its own pair",
      "precision": 4,
      "value": 1.0926
    },
    "splines_lift": {
      "art": "verdicts",
      "claim": "C10",
      "note": "E0002 delta_vs_reference",
      "precision": 6,
      "value": 0.035956
    },
    "straddling_hashes": {
      "art": "data_card",
      "claim": "C6",
      "note": "kleinlib.leakage: row-content hashes spanning more than one partition",
      "precision": 0,
      "value": 615
    },
    "tree_in_own_floors": {
      "art": "verdicts",
      "claim": "C10",
      "note": "E0003 lift in the floors of its own pair",
      "precision": 4,
      "value": 0.4624
    },
    "tree_over_glm_in_floors": {
      "art": "verdicts",
      "claim": "C4",
      "note": "E0003 lift over the calibrated GLM in declared floors",
      "precision": 4,
      "value": 0.3714
    },
    "v1_ledger_spread": {
      "art": "derived",
      "claim": "C3",
      "note": "v1 results.tsv row 6 minus row 1",
      "precision": 6,
      "value": 0.03886
    },
    "v1_sweep_in_floors": {
      "art": "derived",
      "claim": "C8",
      "note": "v1_sweep_lift / minimum_delta",
      "precision": 4,
      "value": 0.0379
    },
    "v1_sweep_lift": {
      "art": "derived",
      "claim": "C8",
      "note": "v1 results.tsv row 6 minus row 3",
      "precision": 6,
      "value": 0.001425
    },
    "v1_validation_twin_share": {
      "art": "duplicates",
      "claim": "C12",
      "note": "share of the v1 validation partition with a training twin",
      "precision": 6,
      "value": 0.052223
    }
  },
  "study_id": "12-insurance-claims-frequency"
}
