{
  "artifacts": {
    "contract": {
      "path": "study.yaml",
      "sha256": "dbad32785ef75599ebc879ecc2507bce18abdd5d4c984078fbec6e04d599d332"
    },
    "controls": {
      "path": "tables/harness_controls.tsv",
      "sha256": "a7895829c5da31601e50c434787b4cbaa2625bf2a201535573ea7c1bffacc31e"
    },
    "corpus": {
      "path": "tables/corpus_profile.tsv",
      "sha256": "7941e1e145e3e8406c9b0af5c5010fe77a82823a983bef96b6e3fb087218bbcd"
    },
    "curves": {
      "path": "tables/learning_curves.tsv",
      "sha256": "2c70ca3a01cf2284aa33b57878654d08db7431f16d1cb9a7152c7bbcb1037bae"
    },
    "device": {
      "path": "tables/device_check.tsv",
      "sha256": "f1df0a171a4bbc10fa40667eef4ca6c726ebd463cb47dd430c7f11e8433b5ae0"
    },
    "frontier": {
      "path": "tables/frontier.tsv",
      "sha256": "2480be9abcd841abf88a002fd758af32f1ae7b01b0fdf6e96dee4af444f6445b"
    },
    "neardup": {
      "path": "tables/near_duplicates.tsv",
      "sha256": "745d0a5c1ec71b3ec40f789e51d4a1f5b573c8df97aad32f4bd06b7113f404b2"
    },
    "refs_losses": {
      "path": "tables/reference_losses.tsv",
      "sha256": "b186a6b5913630f0a533308f510f0c88dd0f0cd1c77c050f826bf5de86aaca0f"
    },
    "results": {
      "path": "results.tsv",
      "sha256": "0b31323ecaaceb4b90fccfd694d7ded1344bd7edb9bb1f30cf56e60d2767739a"
    },
    "summary": {
      "path": "tables/study_summary.tsv",
      "sha256": "48103d47e5d0fd0bfb3bd1fd7419f509769593371a78678513b623cfb878a049"
    }
  },
  "claims": {
    "C1": {
      "claim": "RQ1 | primary | supported, with the direction reversed | exploratory | empirical-description | E0001, E0002, E0003, E0004, E0005, E0006, E0007, `sweep:paired_floor` | The prior said \"at most one of the four edits clears the floor \u2014 width\". At most one did clear it, but it was none of the four: warmup \u22121.0431, weight tying \u221211.3693, dropout 0.1 \u22124.7255 and width \u22120.4742 floors against the anchor's five-seed mean, with one floor = 0.0149525 nats. The single keep is cosine decay at +3.3326 floors (E0006), which carried no registered prediction. |",
      "class": null,
      "errata": [],
      "evidence": [],
      "numbers": [
        "e0001_anchor_z",
        "e0002_floors",
        "e0003_floors",
        "e0004_floors",
        "e0005_floors",
        "e0006_floors",
        "e0007_floors",
        "warmup_on_cosine_floors"
      ],
      "strength": "exploratory"
    },
    "C10": {
      "claim": "Never let the training script grade its own checkpoint. It costs one extra",
      "class": null,
      "errata": [],
      "evidence": [],
      "numbers": [],
      "strength": "exploratory"
    },
    "C11": {
      "claim": "Put a copy-the-input control in your language-model harness. It bets the next",
      "class": null,
      "errata": [],
      "evidence": [],
      "numbers": [],
      "strength": "exploratory"
    },
    "C12": {
      "claim": "If you split ordered text into contiguous blocks, measure the distribution",
      "class": null,
      "errata": [],
      "evidence": [],
      "numbers": [
        "sealed_gap_floors"
      ],
      "strength": "exploratory"
    },
    "C13": {
      "claim": "Decide at design time how a comparison gets its sealed number. One track and",
      "class": null,
      "errata": [],
      "evidence": [],
      "numbers": [],
      "strength": "exploratory"
    },
    "C2": {
      "claim": "RQ2 | primary | supported | exploratory | empirical-description | E0001, E0008, `rep:E0001@20260903T121129Z`, `verify:E0001@20260903T121358Z`, `verify:E0001@20260903T121401Z`, `sweep:device_check` | The trainer's own reported loss and the checker's independently recomputed loss never differed by a printable amount on any of the eight runs (largest `verifier_gap` 0.0 nats, declared tolerance 0.01). The same checkpoint re-scored on CPU and on MPS gives 1.572174 nats both times. A full re-execution of E0001 at the same seed on the same backend moved 0.000962 nats \u2014 0.119808 fit-noise standard deviations. |",
      "class": null,
      "errata": [],
      "evidence": [],
      "numbers": [
        "e0001_val_loss",
        "max_verifier_gap",
        "replication_difference",
        "replication_in_fit_noise"
      ],
      "strength": "exploratory"
    },
    "C3": {
      "claim": "RQ3 | primary | supported | exploratory | empirical-description | E0003, E0006, `sweep:fit_noise`, `sweep:paired_floor` | This study measured recipes rather than noise, but only just: the largest effect is a cost of 11.3693 floors (weight tying, E0003) and the only gain is 3.53486 floors (E0006 over E0001). The prior said \"a small multiple, not an order of magnitude\" of the seed spread; the gain is a small multiple and the largest cost is an order of magnitude. |",
      "class": null,
      "errata": [],
      "evidence": [],
      "numbers": [
        "incumbent_gain_floors"
      ],
      "strength": "exploratory"
    },
    "C4": {
      "claim": "RQ1 (sealed) | primary | measured | confirmed | empirical-description | E0008 | On the sealed final tenth of the corpus, never read before, the selected cosine-decay recipe retrained on train + development scores 1.566280 nats per character (2.259664 bits per character). |",
      "class": null,
      "errata": [],
      "evidence": [],
      "numbers": [
        "e0008_bpc",
        "e0008_val_loss"
      ],
      "strength": "exploratory"
    },
    "C5": {
      "claim": "\u2014 | primary | held | confirmed | procedural-verdict | E0001, E0008, `sweep:harness_controls` | The checker decided every disposition and the searcher never graded itself; the matched-compute guardrails held at 2000 steps and 128 evaluation context on all eight runs; and the four eval-harness controls behaved as a correct harness must, including the copy-the-input negative control at 4.750043 nats \u2014 worse than the chance level of 4.174388, where an off-by-one target alignment would have scored 0.693147. |",
      "class": null,
      "errata": [],
      "evidence": [],
      "numbers": [],
      "strength": "exploratory"
    },
    "C6": {
      "claim": "RQ1 | primary | interpretation | exploratory | mechanism-interpretation | E0003, `art:frontier` | Weight tying fails here because one matrix is asked to do two jobs at a scale where it has no slack: it removes 8320 parameters, 1.009317 per cent of the model, and the two roles want very different norms with no logit scale to reconcile them. The parameter COUNT was the wrong quantity to reason about. |",
      "class": null,
      "errata": [],
      "evidence": [],
      "numbers": [
        "anchor_n_params",
        "e0003_anchor_z",
        "tying_params_percent",
        "tying_params_removed"
      ],
      "strength": "exploratory"
    },
    "C7": {
      "claim": "RQ1 (sealed) | primary | interpretation | exploratory | mechanism-interpretation | E0006, E0008, `art:neardup` | The sealed block is harder because a contiguous final tenth of a concatenation of plays is a different sample of the corpus's own nonstationarity, not because the model overfitted: the sealed run trained on 111616 more characters than the development incumbent did and still scored 0.046961 nats worse, while the cross-partition audit found nothing to memorise (largest Jaccard similarity 0.030059). |",
      "class": null,
      "errata": [],
      "evidence": [],
      "numbers": [
        "e0008_sealed_gap",
        "sealed_gap_nats"
      ],
      "strength": "exploratory"
    },
    "C8": {
      "claim": "Measure your floor on the quantity your decision actually uses. The five-seed",
      "class": null,
      "errata": [],
      "evidence": [],
      "numbers": [],
      "strength": "exploratory"
    },
    "C9": {
      "claim": "At a fixed step budget, spend the schedule before you spend the capacity. The",
      "class": null,
      "errata": [],
      "evidence": [],
      "numbers": [
        "e0006_val_loss",
        "incumbent_gain_nats"
      ],
      "strength": "exploratory"
    }
  },
  "errata": {},
  "git_head": "caee71affac94ead50d5e1987a59d239165e6a72",
  "klein_commit": "caee71affac94ead50d5e1987a59d239165e6a72",
  "klein_version": "2.0.0",
  "law": "Every number in findings.md, this lock and report/index.html is a copy of a value in a pinned artifact; every claim cites evidence that resolves; claims and numbers are appended or erratum-tagged, never removed.",
  "lock_schema": 2,
  "numbers": {
    "anchor_n_params": {
      "art": "frontier",
      "claim": "C6",
      "note": "parameters of the anchor architecture",
      "precision": 0,
      "value": 824320
    },
    "e0001_anchor_z": {
      "art": "frontier",
      "claim": "C1",
      "note": "P1's adjudicated key",
      "precision": 4,
      "value": 0.3766
    },
    "e0001_val_loss": {
      "art": "frontier",
      "claim": "C2",
      "note": "E0001, the identity anchor at a sixth seed",
      "precision": 6,
      "value": 1.572174
    },
    "e0002_floors": {
      "art": "frontier",
      "claim": "C1",
      "note": "warmup on a constant learning rate, against the anchor's five-seed mean",
      "precision": 4,
      "value": -1.0431
    },
    "e0003_anchor_z": {
      "art": "frontier",
      "claim": "C6",
      "note": "weight tying, in fit-noise standard deviations from the anchor mean",
      "precision": 4,
      "value": 21.1718
    },
    "e0003_floors": {
      "art": "frontier",
      "claim": "C1",
      "note": "weight tying, against the anchor's five-seed mean",
      "precision": 4,
      "value": -11.3693
    },
    "e0004_floors": {
      "art": "frontier",
      "claim": "C1",
      "note": "dropout 0.1, against the anchor's five-seed mean",
      "precision": 4,
      "value": -4.7255
    },
    "e0005_floors": {
      "art": "frontier",
      "claim": "C1",
      "note": "width 128 to 256, against the anchor's five-seed mean",
      "precision": 4,
      "value": -0.4742
    },
    "e0006_floors": {
      "art": "frontier",
      "claim": "C1",
      "note": "cosine decay, against the anchor's five-seed mean",
      "precision": 4,
      "value": 3.3326
    },
    "e0006_val_loss": {
      "art": "frontier",
      "claim": "C9",
      "note": "E0006, the only keep: cosine decay",
      "precision": 6,
      "value": 1.519319
    },
    "e0007_floors": {
      "art": "frontier",
      "claim": "C1",
      "note": "cosine plus warmup, against the anchor's five-seed mean",
      "precision": 4,
      "value": 3.2291
    },
    "e0008_bpc": {
      "art": "frontier",
      "claim": "C4",
      "note": "E0008 in bits per character",
      "precision": 6,
      "value": 2.259664
    },
    "e0008_sealed_gap": {
      "art": "frontier",
      "claim": "C7",
      "note": "P6's adjudicated key: the sealed gap in fit-noise standard deviations",
      "precision": 4,
      "value": 5.8485
    },
    "e0008_val_loss": {
      "art": "frontier",
      "claim": "C4",
      "note": "E0008, the sealed final tenth",
      "precision": 5,
      "value": 1.56628
    },
    "eval_context": {
      "art": "frontier",
      "claim": "contract",
      "note": "the matched-measurement guardrail: the evaluation window length",
      "precision": 0,
      "value": 128
    },
    "fit_noise_mean": {
      "art": "contract",
      "claim": "floor",
      "note": "mean of the anchor's five-seed validation losses; the reference delta_in_floors is measured against",
      "precision": 5,
      "value": 1.56915
    },
    "fit_noise_range": {
      "art": "contract",
      "claim": "floor",
      "note": "range of the anchor's five-seed validation losses",
      "precision": 6,
      "value": 0.021485
    },
    "fit_noise_std": {
      "art": "contract",
      "claim": "floor",
      "note": "standard deviation of the anchor's five-seed validation losses",
      "precision": 8,
      "value": 0.00802952
    },
    "incumbent_gain_floors": {
      "art": "summary",
      "claim": "C3",
      "note": "the same gain in units of the measured floor",
      "precision": 5,
      "value": 3.53486
    },
    "incumbent_gain_nats": {
      "art": "summary",
      "claim": "C9",
      "note": "E0001 minus E0006",
      "precision": 6,
      "value": 0.052855
    },
    "max_verifier_gap": {
      "art": "summary",
      "claim": "C2",
      "note": "the largest searcher-vs-checker disagreement across all eight runs",
      "precision": 8,
      "value": 0.0
    },
    "minimum_delta": {
      "art": "contract",
      "claim": "floor",
      "note": "the keep bar: max(2*std, range/2) of the ten paired seed differences",
      "precision": 7,
      "value": 0.0149525
    },
    "paired_floor_range": {
      "art": "contract",
      "claim": "floor",
      "note": "range of the ten paired seed differences",
      "precision": 6,
      "value": 0.026494
    },
    "paired_floor_std": {
      "art": "contract",
      "claim": "floor",
      "note": "standard deviation of the ten paired seed differences",
      "precision": 8,
      "value": 0.00747623
    },
    "replication_difference": {
      "art": "summary",
      "claim": "C2",
      "note": "full re-execution of E0001 at the same seed, same backend",
      "precision": 6,
      "value": 0.000962
    },
    "replication_in_fit_noise": {
      "art": "summary",
      "claim": "C2",
      "note": "the same, in fit-noise standard deviations",
      "precision": 6,
      "value": 0.119808
    },
    "sealed_gap_floors": {
      "art": "summary",
      "claim": "C12",
      "note": "the same gap in units of the measured floor",
      "precision": 6,
      "value": 3.140679
    },
    "sealed_gap_nats": {
      "art": "summary",
      "claim": "C7",
      "note": "E0008 minus the development incumbent",
      "precision": 6,
      "value": 0.046961
    },
    "steps_budget": {
      "art": "frontier",
      "claim": "contract",
      "note": "the matched-compute guardrail, read by the checker out of every checkpoint",
      "precision": 0,
      "value": 2000
    },
    "tying_params_percent": {
      "art": "summary",
      "claim": "C6",
      "note": "the same, as a percentage of the anchor's parameters",
      "precision": 6,
      "value": 1.009317
    },
    "tying_params_removed": {
      "art": "summary",
      "claim": "C6",
      "note": "parameters weight tying removes",
      "precision": 0,
      "value": 8320
    },
    "verifier_tolerance": {
      "art": "contract",
      "claim": "contract",
      "note": "declared a priori at CONSULT; the checker-vs-searcher disagreement that is a crash",
      "precision": 2,
      "value": 0.01
    },
    "warmup_on_cosine_floors": {
      "art": "summary",
      "claim": "C1",
      "note": "E0007 minus the incumbent, in floors \u2014 inside the floor",
      "precision": 6,
      "value": 0.103528
    }
  },
  "study_id": "13-charlm-fixed-budget"
}
