{
  "artifacts": {
    "aux": {
      "path": "aux_metrics.tsv",
      "sha256": "e17bd6f44ea73d9f253428bd90dce3ddd5f6b770a0a2d2c75ba61b57f647918f"
    },
    "contract": {
      "path": "study.yaml",
      "sha256": "f26579c3a2ef9338153427d2802f39f5f2f3ae8ead2f5e6b37ec0dd2c2e20d96"
    },
    "data_card": {
      "path": "data_card.md",
      "sha256": "94a8ecd1ee18a4cbddbde234326867a022d09ac235b20fb4b88486e1fbf9c881"
    },
    "fit_noise": {
      "path": "sweeps/fit_noise.sidecar.tsv",
      "sha256": "9b6ade9dac985dc926a335d0f22c90c5a710dcb2b41d23fbbb3a2e3e1c7aa161"
    },
    "results": {
      "path": "results.tsv",
      "sha256": "d802518273c96ed9c093792d7be286a0a09e03f55f7d8c14f0252fe4fbf3bce0"
    },
    "split_lottery": {
      "path": "sweeps/split_lottery.sidecar.tsv",
      "sha256": "1a7559fc275316b937552ba1ab7ebab53d0fd8106ca9e519fec88f2f28ea49aa"
    }
  },
  "claims": {
    "C1": {
      "claim": "RQ1 | primary | supported | confirmed | empirical-description | E0001, E0002, E0003, E0005 | the ladder closed the distance to the development ceiling of 0.884116 from 10.4555 measured floors at the raw-feature anchor (val_auc 0.806201) to 1.7077 at the boosted incumbent (val_auc 0.871390); the sealed partition returned val_auc 0.880949 against its own ceiling of 0.893469, a distance of 1.6800 floors. Floor: minimum_delta 0.00745212 from a marginal-resplit lottery of k = 10 draws, std 0.00372606 |",
      "class": null,
      "errata": [],
      "evidence": [],
      "numbers": [
        "anchor_auc",
        "anchor_gap_floors",
        "boosted_auc",
        "boosted_gap_floors",
        "dev_ceiling",
        "sealed_auc",
        "sealed_ceiling",
        "sealed_gap_floors"
      ],
      "strength": "exploratory"
    },
    "C2": {
      "claim": "RQ1 | primary | supported | confirmed | known-dgp-teaching (`scope: in-silico`) | E0002, E0003, E0005 | under THIS declared process, a boosted tree shown none of the true terms out-earned handing a linear model the true interaction: `delta_in_floors` 4.7779 against its predecessor on development and 4.6190 against the same predecessor on the sealed rows, versus 3.9699 for the hand-specified interaction |",
      "class": null,
      "errata": [],
      "evidence": [],
      "numbers": [
        "boosted_delta_floors",
        "interaction_delta_floors",
        "sealed_delta_floors"
      ],
      "strength": "exploratory"
    },
    "C3": {
      "claim": "RQ1 | primary | supported | exploratory | empirical-description | E0003, E0004 | more capacity did not merely fail to pay, it cost: the over-capacity boosted tree scored val_auc 0.858049 against the incumbent's 0.871390 (`delta_in_floors` -1.7903), its Brier rose to 0.143658 from 0.109337 and its log-loss to 1.024102 from 0.355165, and it took 18.407609 seconds against 0.647123 |",
      "class": null,
      "errata": [],
      "evidence": [],
      "numbers": [],
      "strength": "exploratory"
    },
    "C4": {
      "claim": "RQ2 | primary | refuted | exploratory | procedural-verdict | E0003, E0004 | the headroom did NOT close before the fourth candidate: h stood at 1.708 when it was spent, so the detection-limit law neither refused the run nor required an acknowledgement, and the candidate it did not stop came back 1.7903 floors WORSE rather than within the floor |",
      "class": null,
      "errata": [],
      "evidence": [],
      "numbers": [],
      "strength": "exploratory"
    },
    "C5": {
      "claim": "(mechanism-interpretation, exploratory)* The ranking gap and the",
      "class": null,
      "errata": [],
      "evidence": [],
      "numbers": [],
      "strength": "exploratory"
    },
    "C6": {
      "claim": "Measure the floor that will judge YOUR comparison, not whichever one is",
      "class": null,
      "errata": [],
      "evidence": [],
      "numbers": [],
      "strength": "exploratory"
    },
    "C7": {
      "claim": "Declare every artifact your entrypoint reads, or derive it from committed",
      "class": null,
      "errata": [],
      "evidence": [],
      "numbers": [],
      "strength": "exploratory"
    },
    "C8": {
      "claim": "Read a headroom of at least one floor as \"not arithmetically excluded\",",
      "class": null,
      "errata": [],
      "evidence": [],
      "numbers": [],
      "strength": "exploratory"
    }
  },
  "errata": {},
  "git_head": "2b29e93bf0b3230fa2dcccc7401f9feb35b7aae4",
  "klein_commit": "2b29e93bf0b3230fa2dcccc7401f9feb35b7aae4",
  "klein_version": "2.0.0",
  "law": "Every number in findings.md, this lock and report/index.html is a copy of a value in a pinned artifact; every claim cites evidence that resolves; claims and numbers are appended or erratum-tagged, never removed.",
  "lock_schema": 2,
  "numbers": {
    "anchor_auc": {
      "art": "aux",
      "claim": "C1",
      "note": "E0001 val_auc, the raw-feature logistic anchor on development",
      "precision": 6,
      "value": 0.806201
    },
    "anchor_gap_floors": {
      "art": "aux",
      "claim": "C1",
      "note": "E0001 gap_in_floors: the anchor's own headroom h",
      "precision": 4,
      "value": 10.4555
    },
    "boosted_auc": {
      "art": "aux",
      "claim": "C1",
      "note": "E0003 val_auc, the boosted incumbent on development",
      "precision": 6,
      "value": 0.87139
    },
    "boosted_delta_floors": {
      "art": "aux",
      "claim": "C2",
      "note": "E0003 delta_in_floors over the interaction reference, same rows",
      "precision": 4,
      "value": 4.7779
    },
    "boosted_gap_floors": {
      "art": "aux",
      "claim": "C1",
      "note": "E0003 gap_in_floors: the incumbent's headroom h on development",
      "precision": 4,
      "value": 1.7077
    },
    "dev_ceiling": {
      "art": "aux",
      "claim": "C1",
      "note": "the development partition's Bayes AUC, printed by every development run",
      "precision": 6,
      "value": 0.884116
    },
    "interaction_delta_floors": {
      "art": "aux",
      "claim": "C2",
      "note": "E0002 delta_in_floors over the raw-feature reference, same rows",
      "precision": 4,
      "value": 3.9699
    },
    "sealed_auc": {
      "art": "aux",
      "claim": "C1",
      "note": "E0005 val_auc, the one sealed access",
      "precision": 6,
      "value": 0.880949
    },
    "sealed_ceiling": {
      "art": "aux",
      "claim": "C1",
      "note": "the sealed partition's own Bayes AUC, printed by E0005",
      "precision": 6,
      "value": 0.893469
    },
    "sealed_delta_floors": {
      "art": "aux",
      "claim": "C2",
      "note": "E0005 delta_in_floors over the same reference on the sealed rows",
      "precision": 4,
      "value": 4.619
    },
    "sealed_gap_floors": {
      "art": "aux",
      "claim": "C1",
      "note": "E0005 gap_in_floors on the sealed partition",
      "precision": 4,
      "value": 1.68
    }
  },
  "study_id": "00-known-truth-quickstart"
}
